{
  "nodes": {
    "aqua": {
      "flake": false,
      "locked": {
        "lastModified": 1787307978,
        "narHash": "sha256-eQN+otyNtDqR0GCaahcMqXRxJ411vrsQjoODdhO99AU=",
        "owner": "1inch",
        "repo": "aqua",
        "rev": "9c5c42e5840e8741fba3597c48456c9510212b66",
        "type": "github"
      },
      "original": {
        "owner": "1inch",
        "repo": "aqua",
        "rev": "9c5c42e5840e8741fba3597c48456c9510212b66",
        "type": "github"
      }
    },
    "ledger-ethereum": {
      "flake": false,
      "locked": {
        "lastModified": 1787836207,
        "narHash": "sha256-uegUGCkker/mASmG0idNCwqoImK5OISsAi2Sc+NB80s=",
        "ref": "refs/heads/develop",
        "rev": "e5b6dbff3aca3e3c97a1079c8dccbd1dafdb32c7",
        "revCount": 3739,
        "submodules": true,
        "type": "git",
        "url": "https://github.com/LedgerHQ/app-ethereum"
      },
      "original": {
        "rev": "e5b6dbff3aca3e3c97a1079c8dccbd1dafdb32c7",
        "submodules": true,
        "type": "git",
        "url": "https://github.com/LedgerHQ/app-ethereum"
      }
    },
    "ledger-secure-sdk": {
      "flake": false,
      "locked": {
        "lastModified": 1788852638,
        "narHash": "sha256-u5HjvLMrT9DRXM0/014Xhyttrpq/viaCwuTTHpLPjf4=",
        "owner": "LedgerHQ",
        "repo": "ledger-secure-sdk",
        "rev": "7f80658e0e937952ca805849e4e561539db33385",
        "type": "github"
      },
      "original": {
        "owner": "LedgerHQ",
        "repo": "ledger-secure-sdk",
        "rev": "7f80658e0e937952ca805849e4e561539db33385",
        "type": "github"
      }
    },
    "ledger-security-key": {
      "flake": false,
      "locked": {
        "lastModified": 1786710230,
        "narHash": "sha256-oelPotKxlDd+imHiN0z2gIdUPjTepPP8pEgMYgALinY=",
        "owner": "LedgerHQ",
        "repo": "app-security-key",
        "rev": "a4d0dd24bdeee8de4a62ae146ad735b5c41a50e8",
        "type": "github"
      },
      "original": {
        "owner": "LedgerHQ",
        "repo": "app-security-key",
        "rev": "a4d0dd24bdeee8de4a62ae146ad735b5c41a50e8",
        "type": "github"
      }
    },
    "ledger-sync": {
      "flake": false,
      "locked": {
        "lastModified": 1788534231,
        "narHash": "sha256-cZlVJa7GuoYqW2QM3FgpRDjTne1ZfnEzOyWzjFYd2W4=",
        "owner": "LedgerHQ",
        "repo": "app-ledger-sync",
        "rev": "0838f1c1a1c591be7fe9f977c265cd3f45d58a9c",
        "type": "github"
      },
      "original": {
        "owner": "LedgerHQ",
        "repo": "app-ledger-sync",
        "rev": "0838f1c1a1c591be7fe9f977c265cd3f45d58a9c",
        "type": "github"
      }
    },
    "nixpkgs": {
      "locked": {
        "lastModified": 1788614874,
        "narHash": "sha256-7QYjT2vHLuX9Z1pdxHXDKCbh1CR3D/2rywB9Tx0MPRg=",
        "owner": "NixOS",
        "repo": "nixpkgs",
        "rev": "c043004d1c6985732bcc1cbc5a9c9aecbbb4e0f0",
        "type": "github"
      },
      "original": {
        "owner": "NixOS",
        "ref": "nixos-unstable",
        "repo": "nixpkgs",
        "type": "github"
      }
    },
    "permit2": {
      "flake": false,
      "locked": {
        "lastModified": 1696001773,
        "narHash": "sha256-4B6aUQQRzpLiaK1J9bCdB30FDXYc2paDWD9rS2YEuj0=",
        "ref": "refs/heads/main",
        "rev": "cc56ad0f3439c502c246fc5cfcc3db92bb8b7219",
        "revCount": 184,
        "submodules": true,
        "type": "git",
        "url": "https://github.com/Uniswap/permit2"
      },
      "original": {
        "rev": "cc56ad0f3439c502c246fc5cfcc3db92bb8b7219",
        "submodules": true,
        "type": "git",
        "url": "https://github.com/Uniswap/permit2"
      }
    },
    "root": {
      "inputs": {
        "aqua": "aqua",
        "ledger-ethereum": "ledger-ethereum",
        "ledger-secure-sdk": "ledger-secure-sdk",
        "ledger-security-key": "ledger-security-key",
        "ledger-sync": "ledger-sync",
        "nixpkgs": "nixpkgs",
        "permit2": "permit2",
        "speculos-src": "speculos-src",
        "swapvm": "swapvm",
        "x402": "x402"
      }
    },
    "speculos-src": {
      "flake": false,
      "locked": {
        "lastModified": 1788884060,
        "narHash": "sha256-ojKCA+Q+9ZiWDr6e8Omx+UootBITMSee/5UeyCKG4Wg=",
        "owner": "LedgerHQ",
        "repo": "speculos",
        "rev": "b8223017fd831663fd3e3fcf83f85ba234970615",
        "type": "github"
      },
      "original": {
        "owner": "LedgerHQ",
        "repo": "speculos",
        "rev": "b8223017fd831663fd3e3fcf83f85ba234970615",
        "type": "github"
      }
    },
    "swapvm": {
      "flake": false,
      "locked": {
        "lastModified": 1788462416,
        "narHash": "sha256-5uMvpsMddN1KA4i31bFxj4r8YFH8tbIJpzWER/Llw9w=",
        "owner": "1inch",
        "repo": "swap-vm",
        "rev": "f09a41e689240adc645934f965c8061749397cd2",
        "type": "github"
      },
      "original": {
        "owner": "1inch",
        "repo": "swap-vm",
        "rev": "f09a41e689240adc645934f965c8061749397cd2",
        "type": "github"
      }
    },
    "x402": {
      "flake": false,
      "locked": {
        "lastModified": 1788812582,
        "narHash": "sha256-LQySSbWH5MaSt5gd0tDTcD+33IN+ccAHGVvWyfbMJoI=",
        "ref": "refs/heads/main",
        "rev": "241df66079aa22d5572e940b2b5340b7a577963a",
        "revCount": 1208,
        "submodules": true,
        "type": "git",
        "url": "https://github.com/x402-foundation/x402"
      },
      "original": {
        "rev": "241df66079aa22d5572e940b2b5340b7a577963a",
        "submodules": true,
        "type": "git",
        "url": "https://github.com/x402-foundation/x402"
      }
    }
  },
  "root": "root",
  "version": 7
}
