{
  "nodes": {
    "aqua": {
      "flake": false,
      "locked": {
        "lastModified": 1787307978,
        "narHash": "sha256-eQN+otyNtDqR0GCaahcMqXRxJ411vrsQjoODdhO99AU=",
        "owner": "1inch",
        "repo": "aqua",
        "rev": "9c5c42e5840e8741fba3597c48456c9510212b66",
        "type": "github"
      },
      "original": {
        "owner": "1inch",
        "repo": "aqua",
        "rev": "9c5c42e5840e8741fba3597c48456c9510212b66",
        "type": "github"
      }
    },
    "nixpkgs": {
      "locked": {
        "lastModified": 1788614874,
        "narHash": "sha256-7QYjT2vHLuX9Z1pdxHXDKCbh1CR3D/2rywB9Tx0MPRg=",
        "owner": "NixOS",
        "repo": "nixpkgs",
        "rev": "c043004d1c6985732bcc1cbc5a9c9aecbbb4e0f0",
        "type": "github"
      },
      "original": {
        "owner": "NixOS",
        "ref": "nixos-unstable",
        "repo": "nixpkgs",
        "type": "github"
      }
    },
    "permit2": {
      "flake": false,
      "locked": {
        "lastModified": 1696001773,
        "narHash": "sha256-sevmJhYn5/odTvS9si+KFw/R234KNaNfrnECdkVcL9w=",
        "owner": "Uniswap",
        "repo": "permit2",
        "rev": "cc56ad0f3439c502c246fc5cfcc3db92bb8b7219",
        "type": "github"
      },
      "original": {
        "owner": "Uniswap",
        "repo": "permit2",
        "rev": "cc56ad0f3439c502c246fc5cfcc3db92bb8b7219",
        "type": "github"
      }
    },
    "root": {
      "inputs": {
        "aqua": "aqua",
        "nixpkgs": "nixpkgs",
        "permit2": "permit2",
        "swapvm": "swapvm",
        "x402": "x402"
      }
    },
    "swapvm": {
      "flake": false,
      "locked": {
        "lastModified": 1788462416,
        "narHash": "sha256-5uMvpsMddN1KA4i31bFxj4r8YFH8tbIJpzWER/Llw9w=",
        "owner": "1inch",
        "repo": "swap-vm",
        "rev": "f09a41e689240adc645934f965c8061749397cd2",
        "type": "github"
      },
      "original": {
        "owner": "1inch",
        "repo": "swap-vm",
        "rev": "f09a41e689240adc645934f965c8061749397cd2",
        "type": "github"
      }
    },
    "x402": {
      "flake": false,
      "locked": {
        "lastModified": 1788812582,
        "narHash": "sha256-JhCx3aU+kbIyBLTnZSNAP3nHK42DbN+9llhtYl3EfhQ=",
        "owner": "x402-foundation",
        "repo": "x402",
        "rev": "241df66079aa22d5572e940b2b5340b7a577963a",
        "type": "github"
      },
      "original": {
        "owner": "x402-foundation",
        "repo": "x402",
        "rev": "241df66079aa22d5572e940b2b5340b7a577963a",
        "type": "github"
      }
    }
  },
  "root": "root",
  "version": 7
}
